
Microsoft Visual Studio Solution File, Format Version 12.00
# Visual Studio Version 17
VisualStudioVersion = 17.3.32929.385
MinimumVisualStudioVersion = 10.0.40219.1
Project("{9A19103F-16F7-4668-BE54-9A1E7A4F7556}") = "FractalesJulia", "FractalesJulia\FractalesJulia.csproj", "{860CA786-A15F-43CB-AC4C-AE585F13D1AD}"
EndProject
Project("{8BC9CEB8-8B4A-11D0-8D11-00A0C91BC942}") = "CUDAShader", "CUDAShader\CUDAShader.vcxproj", "{D979E8C6-3A1B-47D1-8A33-34BAB747EE90}"
EndProject
Project("{8BC9CEB8-8B4A-11D0-8D11-00A0C91BC942}") = "FractalesUI", "FractalesUI\FractalesUI.vcxproj", "{AAC974E6-5AD5-46C8-8FCC-60F75E136ED2}"
	ProjectSection(ProjectDependencies) = postProject
		{D979E8C6-3A1B-47D1-8A33-34BAB747EE90} = {D979E8C6-3A1B-47D1-8A33-34BAB747EE90}
	EndProjectSection
EndProject
Project("{2150E333-8FDC-42A3-9474-1A3956D46DE8}") = "Éléments de solution", "Éléments de solution", "{3B3A1110-96D8-4207-8FED-C3F4B6C3E205}"
	ProjectSection(SolutionItems) = preProject
		.gitignore = .gitignore
		BuildTools\PostBuildEvents.bat = BuildTools\PostBuildEvents.bat
		README.md = README.md
	EndProjectSection
EndProject
Global
	GlobalSection(SolutionConfigurationPlatforms) = preSolution
		Debug|Any CPU = Debug|Any CPU
		Debug|x64 = Debug|x64
		Debug|x86 = Debug|x86
		Release|Any CPU = Release|Any CPU
		Release|x64 = Release|x64
		Release|x86 = Release|x86
	EndGlobalSection
	GlobalSection(ProjectConfigurationPlatforms) = postSolution
		{860CA786-A15F-43CB-AC4C-AE585F13D1AD}.Debug|Any CPU.ActiveCfg = Debug|Any CPU
		{860CA786-A15F-43CB-AC4C-AE585F13D1AD}.Debug|Any CPU.Build.0 = Debug|Any CPU
		{860CA786-A15F-43CB-AC4C-AE585F13D1AD}.Debug|x64.ActiveCfg = Debug|Any CPU
		{860CA786-A15F-43CB-AC4C-AE585F13D1AD}.Debug|x64.Build.0 = Debug|Any CPU
		{860CA786-A15F-43CB-AC4C-AE585F13D1AD}.Debug|x86.ActiveCfg = Debug|Any CPU
		{860CA786-A15F-43CB-AC4C-AE585F13D1AD}.Debug|x86.Build.0 = Debug|Any CPU
		{860CA786-A15F-43CB-AC4C-AE585F13D1AD}.Release|Any CPU.ActiveCfg = Release|Any CPU
		{860CA786-A15F-43CB-AC4C-AE585F13D1AD}.Release|Any CPU.Build.0 = Release|Any CPU
		{860CA786-A15F-43CB-AC4C-AE585F13D1AD}.Release|x64.ActiveCfg = Release|Any CPU
		{860CA786-A15F-43CB-AC4C-AE585F13D1AD}.Release|x64.Build.0 = Release|Any CPU
		{860CA786-A15F-43CB-AC4C-AE585F13D1AD}.Release|x86.ActiveCfg = Release|Any CPU
		{860CA786-A15F-43CB-AC4C-AE585F13D1AD}.Release|x86.Build.0 = Release|Any CPU
		{D979E8C6-3A1B-47D1-8A33-34BAB747EE90}.Debug|Any CPU.ActiveCfg = Debug|x64
		{D979E8C6-3A1B-47D1-8A33-34BAB747EE90}.Debug|Any CPU.Build.0 = Debug|x64
		{D979E8C6-3A1B-47D1-8A33-34BAB747EE90}.Debug|x64.ActiveCfg = Debug|x64
		{D979E8C6-3A1B-47D1-8A33-34BAB747EE90}.Debug|x64.Build.0 = Debug|x64
		{D979E8C6-3A1B-47D1-8A33-34BAB747EE90}.Debug|x86.ActiveCfg = Debug|x64
		{D979E8C6-3A1B-47D1-8A33-34BAB747EE90}.Debug|x86.Build.0 = Debug|x64
		{D979E8C6-3A1B-47D1-8A33-34BAB747EE90}.Release|Any CPU.ActiveCfg = Release|x64
		{D979E8C6-3A1B-47D1-8A33-34BAB747EE90}.Release|Any CPU.Build.0 = Release|x64
		{D979E8C6-3A1B-47D1-8A33-34BAB747EE90}.Release|x64.ActiveCfg = Release|x64
		{D979E8C6-3A1B-47D1-8A33-34BAB747EE90}.Release|x64.Build.0 = Release|x64
		{D979E8C6-3A1B-47D1-8A33-34BAB747EE90}.Release|x86.ActiveCfg = Release|x64
		{D979E8C6-3A1B-47D1-8A33-34BAB747EE90}.Release|x86.Build.0 = Release|x64
		{AAC974E6-5AD5-46C8-8FCC-60F75E136ED2}.Debug|Any CPU.ActiveCfg = Debug|x64
		{AAC974E6-5AD5-46C8-8FCC-60F75E136ED2}.Debug|Any CPU.Build.0 = Debug|x64
		{AAC974E6-5AD5-46C8-8FCC-60F75E136ED2}.Debug|x64.ActiveCfg = Debug|x64
		{AAC974E6-5AD5-46C8-8FCC-60F75E136ED2}.Debug|x64.Build.0 = Debug|x64
		{AAC974E6-5AD5-46C8-8FCC-60F75E136ED2}.Debug|x86.ActiveCfg = Debug|Win32
		{AAC974E6-5AD5-46C8-8FCC-60F75E136ED2}.Debug|x86.Build.0 = Debug|Win32
		{AAC974E6-5AD5-46C8-8FCC-60F75E136ED2}.Release|Any CPU.ActiveCfg = Release|x64
		{AAC974E6-5AD5-46C8-8FCC-60F75E136ED2}.Release|Any CPU.Build.0 = Release|x64
		{AAC974E6-5AD5-46C8-8FCC-60F75E136ED2}.Release|x64.ActiveCfg = Release|x64
		{AAC974E6-5AD5-46C8-8FCC-60F75E136ED2}.Release|x64.Build.0 = Release|x64
		{AAC974E6-5AD5-46C8-8FCC-60F75E136ED2}.Release|x86.ActiveCfg = Release|Win32
		{AAC974E6-5AD5-46C8-8FCC-60F75E136ED2}.Release|x86.Build.0 = Release|Win32
	EndGlobalSection
	GlobalSection(SolutionProperties) = preSolution
		HideSolutionNode = FALSE
	EndGlobalSection
	GlobalSection(ExtensibilityGlobals) = postSolution
		SolutionGuid = {C2830A04-F542-48B3-8784-E7D770A56F71}
	EndGlobalSection
EndGlobal
